
Microsoft Visual Studio Solution File, Format Version 12.00
# Visual Studio 15
VisualStudioVersion = 15.0.26730.16
MinimumVisualStudioVersion = 10.0.40219.1
Project("{FAE04EC0-301F-11D3-BF4B-00C04F79EFBC}") = "Smatcher.Android", "Smatcher\Smatcher.Android\Smatcher.Android.csproj", "{24057CFA-4B4E-425F-8ABF-7A40DA459611}"
EndProject
Project("{FAE04EC0-301F-11D3-BF4B-00C04F79EFBC}") = "Smatcher", "Smatcher\Smatcher\Smatcher.csproj", "{66273A77-F3A7-47FE-B5A5-4DB908F79977}"
EndProject
Project("{FAE04EC0-301F-11D3-BF4B-00C04F79EFBC}") = "Smatcher.iOS", "Smatcher\Smatcher.iOS\Smatcher.iOS.csproj", "{7F30FF30-D8E6-455D-86C1-6464F71789EA}"
EndProject
Global
	GlobalSection(SolutionConfigurationPlatforms) = preSolution
		Ad-Hoc|Any CPU = Ad-Hoc|Any CPU
		Ad-Hoc|iPhone = Ad-Hoc|iPhone
		Ad-Hoc|iPhoneSimulator = Ad-Hoc|iPhoneSimulator
		AppStore|Any CPU = AppStore|Any CPU
		AppStore|iPhone = AppStore|iPhone
		AppStore|iPhoneSimulator = AppStore|iPhoneSimulator
		Debug|Any CPU = Debug|Any CPU
		Debug|iPhone = Debug|iPhone
		Debug|iPhoneSimulator = Debug|iPhoneSimulator
		Release|Any CPU = Release|Any CPU
		Release|iPhone = Release|iPhone
		Release|iPhoneSimulator = Release|iPhoneSimulator
	EndGlobalSection
	GlobalSection(ProjectConfigurationPlatforms) = postSolution
		{24057CFA-4B4E-425F-8ABF-7A40DA459611}.Ad-Hoc|Any CPU.ActiveCfg = Release|Any CPU
		{24057CFA-4B4E-425F-8ABF-7A40DA459611}.Ad-Hoc|Any CPU.Build.0 = Release|Any CPU
		{24057CFA-4B4E-425F-8ABF-7A40DA459611}.Ad-Hoc|Any CPU.Deploy.0 = Release|Any CPU
		{24057CFA-4B4E-425F-8ABF-7A40DA459611}.Ad-Hoc|iPhone.ActiveCfg = Release|Any CPU
		{24057CFA-4B4E-425F-8ABF-7A40DA459611}.Ad-Hoc|iPhone.Build.0 = Release|Any CPU
		{24057CFA-4B4E-425F-8ABF-7A40DA459611}.Ad-Hoc|iPhone.Deploy.0 = Release|Any CPU
		{24057CFA-4B4E-425F-8ABF-7A40DA459611}.Ad-Hoc|iPhoneSimulator.ActiveCfg = Release|Any CPU
		{24057CFA-4B4E-425F-8ABF-7A40DA459611}.Ad-Hoc|iPhoneSimulator.Build.0 = Release|Any CPU
		{24057CFA-4B4E-425F-8ABF-7A40DA459611}.Ad-Hoc|iPhoneSimulator.Deploy.0 = Release|Any CPU
		{24057CFA-4B4E-425F-8ABF-7A40DA459611}.AppStore|Any CPU.ActiveCfg = Release|Any CPU
		{24057CFA-4B4E-425F-8ABF-7A40DA459611}.AppStore|Any CPU.Build.0 = Release|Any CPU
		{24057CFA-4B4E-425F-8ABF-7A40DA459611}.AppStore|Any CPU.Deploy.0 = Release|Any CPU
		{24057CFA-4B4E-425F-8ABF-7A40DA459611}.AppStore|iPhone.ActiveCfg = Release|Any CPU
		{24057CFA-4B4E-425F-8ABF-7A40DA459611}.AppStore|iPhone.Build.0 = Release|Any CPU
		{24057CFA-4B4E-425F-8ABF-7A40DA459611}.AppStore|iPhone.Deploy.0 = Release|Any CPU
		{24057CFA-4B4E-425F-8ABF-7A40DA459611}.AppStore|iPhoneSimulator.ActiveCfg = Release|Any CPU
		{24057CFA-4B4E-425F-8ABF-7A40DA459611}.AppStore|iPhoneSimulator.Build.0 = Release|Any CPU
		{24057CFA-4B4E-425F-8ABF-7A40DA459611}.AppStore|iPhoneSimulator.Deploy.0 = Release|Any CPU
		{24057CFA-4B4E-425F-8ABF-7A40DA459611}.Debug|Any CPU.ActiveCfg = Debug|Any CPU
		{24057CFA-4B4E-425F-8ABF-7A40DA459611}.Debug|Any CPU.Build.0 = Debug|Any CPU
		{24057CFA-4B4E-425F-8ABF-7A40DA459611}.Debug|Any CPU.Deploy.0 = Debug|Any CPU
		{24057CFA-4B4E-425F-8ABF-7A40DA459611}.Debug|iPhone.ActiveCfg = Debug|Any CPU
		{24057CFA-4B4E-425F-8ABF-7A40DA459611}.Debug|iPhone.Build.0 = Debug|Any CPU
		{24057CFA-4B4E-425F-8ABF-7A40DA459611}.Debug|iPhone.Deploy.0 = Debug|Any CPU
		{24057CFA-4B4E-425F-8ABF-7A40DA459611}.Debug|iPhoneSimulator.ActiveCfg = Debug|Any CPU
		{24057CFA-4B4E-425F-8ABF-7A40DA459611}.Debug|iPhoneSimulator.Build.0 = Debug|Any CPU
		{24057CFA-4B4E-425F-8ABF-7A40DA459611}.Debug|iPhoneSimulator.Deploy.0 = Debug|Any CPU
		{24057CFA-4B4E-425F-8ABF-7A40DA459611}.Release|Any CPU.ActiveCfg = Release|Any CPU
		{24057CFA-4B4E-425F-8ABF-7A40DA459611}.Release|Any CPU.Build.0 = Release|Any CPU
		{24057CFA-4B4E-425F-8ABF-7A40DA459611}.Release|Any CPU.Deploy.0 = Release|Any CPU
		{24057CFA-4B4E-425F-8ABF-7A40DA459611}.Release|iPhone.ActiveCfg = Release|Any CPU
		{24057CFA-4B4E-425F-8ABF-7A40DA459611}.Release|iPhone.Build.0 = Release|Any CPU
		{24057CFA-4B4E-425F-8ABF-7A40DA459611}.Release|iPhone.Deploy.0 = Release|Any CPU
		{24057CFA-4B4E-425F-8ABF-7A40DA459611}.Release|iPhoneSimulator.ActiveCfg = Release|Any CPU
		{24057CFA-4B4E-425F-8ABF-7A40DA459611}.Release|iPhoneSimulator.Build.0 = Release|Any CPU
		{24057CFA-4B4E-425F-8ABF-7A40DA459611}.Release|iPhoneSimulator.Deploy.0 = Release|Any CPU
		{66273A77-F3A7-47FE-B5A5-4DB908F79977}.Ad-Hoc|Any CPU.ActiveCfg = Release|Any CPU
		{66273A77-F3A7-47FE-B5A5-4DB908F79977}.Ad-Hoc|Any CPU.Build.0 = Release|Any CPU
		{66273A77-F3A7-47FE-B5A5-4DB908F79977}.Ad-Hoc|iPhone.ActiveCfg = Release|Any CPU
		{66273A77-F3A7-47FE-B5A5-4DB908F79977}.Ad-Hoc|iPhone.Build.0 = Release|Any CPU
		{66273A77-F3A7-47FE-B5A5-4DB908F79977}.Ad-Hoc|iPhoneSimulator.ActiveCfg = Release|Any CPU
		{66273A77-F3A7-47FE-B5A5-4DB908F79977}.Ad-Hoc|iPhoneSimulator.Build.0 = Release|Any CPU
		{66273A77-F3A7-47FE-B5A5-4DB908F79977}.AppStore|Any CPU.ActiveCfg = Release|Any CPU
		{66273A77-F3A7-47FE-B5A5-4DB908F79977}.AppStore|Any CPU.Build.0 = Release|Any CPU
		{66273A77-F3A7-47FE-B5A5-4DB908F79977}.AppStore|iPhone.ActiveCfg = Release|Any CPU
		{66273A77-F3A7-47FE-B5A5-4DB908F79977}.AppStore|iPhone.Build.0 = Release|Any CPU
		{66273A77-F3A7-47FE-B5A5-4DB908F79977}.AppStore|iPhoneSimulator.ActiveCfg = Release|Any CPU
		{66273A77-F3A7-47FE-B5A5-4DB908F79977}.AppStore|iPhoneSimulator.Build.0 = Release|Any CPU
		{66273A77-F3A7-47FE-B5A5-4DB908F79977}.Debug|Any CPU.ActiveCfg = Debug|Any CPU
		{66273A77-F3A7-47FE-B5A5-4DB908F79977}.Debug|Any CPU.Build.0 = Debug|Any CPU
		{66273A77-F3A7-47FE-B5A5-4DB908F79977}.Debug|iPhone.ActiveCfg = Debug|Any CPU
		{66273A77-F3A7-47FE-B5A5-4DB908F79977}.Debug|iPhone.Build.0 = Debug|Any CPU
		{66273A77-F3A7-47FE-B5A5-4DB908F79977}.Debug|iPhoneSimulator.ActiveCfg = Debug|Any CPU
		{66273A77-F3A7-47FE-B5A5-4DB908F79977}.Debug|iPhoneSimulator.Build.0 = Debug|Any CPU
		{66273A77-F3A7-47FE-B5A5-4DB908F79977}.Release|Any CPU.ActiveCfg = Release|Any CPU
		{66273A77-F3A7-47FE-B5A5-4DB908F79977}.Release|Any CPU.Build.0 = Release|Any CPU
		{66273A77-F3A7-47FE-B5A5-4DB908F79977}.Release|iPhone.ActiveCfg = Release|Any CPU
		{66273A77-F3A7-47FE-B5A5-4DB908F79977}.Release|iPhone.Build.0 = Release|Any CPU
		{66273A77-F3A7-47FE-B5A5-4DB908F79977}.Release|iPhoneSimulator.ActiveCfg = Release|Any CPU
		{66273A77-F3A7-47FE-B5A5-4DB908F79977}.Release|iPhoneSimulator.Build.0 = Release|Any CPU
		{7F30FF30-D8E6-455D-86C1-6464F71789EA}.Ad-Hoc|Any CPU.ActiveCfg = Ad-Hoc|iPhone
		{7F30FF30-D8E6-455D-86C1-6464F71789EA}.Ad-Hoc|iPhone.ActiveCfg = Ad-Hoc|iPhone
		{7F30FF30-D8E6-455D-86C1-6464F71789EA}.Ad-Hoc|iPhone.Build.0 = Ad-Hoc|iPhone
		{7F30FF30-D8E6-455D-86C1-6464F71789EA}.Ad-Hoc|iPhoneSimulator.ActiveCfg = Ad-Hoc|iPhoneSimulator
		{7F30FF30-D8E6-455D-86C1-6464F71789EA}.Ad-Hoc|iPhoneSimulator.Build.0 = Ad-Hoc|iPhoneSimulator
		{7F30FF30-D8E6-455D-86C1-6464F71789EA}.AppStore|Any CPU.ActiveCfg = AppStore|iPhone
		{7F30FF30-D8E6-455D-86C1-6464F71789EA}.AppStore|iPhone.ActiveCfg = AppStore|iPhone
		{7F30FF30-D8E6-455D-86C1-6464F71789EA}.AppStore|iPhone.Build.0 = AppStore|iPhone
		{7F30FF30-D8E6-455D-86C1-6464F71789EA}.AppStore|iPhoneSimulator.ActiveCfg = AppStore|iPhoneSimulator
		{7F30FF30-D8E6-455D-86C1-6464F71789EA}.AppStore|iPhoneSimulator.Build.0 = AppStore|iPhoneSimulator
		{7F30FF30-D8E6-455D-86C1-6464F71789EA}.Debug|Any CPU.ActiveCfg = Debug|iPhone
		{7F30FF30-D8E6-455D-86C1-6464F71789EA}.Debug|iPhone.ActiveCfg = Debug|iPhone
		{7F30FF30-D8E6-455D-86C1-6464F71789EA}.Debug|iPhone.Build.0 = Debug|iPhone
		{7F30FF30-D8E6-455D-86C1-6464F71789EA}.Debug|iPhoneSimulator.ActiveCfg = Debug|iPhoneSimulator
		{7F30FF30-D8E6-455D-86C1-6464F71789EA}.Debug|iPhoneSimulator.Build.0 = Debug|iPhoneSimulator
		{7F30FF30-D8E6-455D-86C1-6464F71789EA}.Release|Any CPU.ActiveCfg = Release|iPhone
		{7F30FF30-D8E6-455D-86C1-6464F71789EA}.Release|iPhone.ActiveCfg = Release|iPhone
		{7F30FF30-D8E6-455D-86C1-6464F71789EA}.Release|iPhone.Build.0 = Release|iPhone
		{7F30FF30-D8E6-455D-86C1-6464F71789EA}.Release|iPhoneSimulator.ActiveCfg = Release|iPhoneSimulator
		{7F30FF30-D8E6-455D-86C1-6464F71789EA}.Release|iPhoneSimulator.Build.0 = Release|iPhoneSimulator
	EndGlobalSection
	GlobalSection(SolutionProperties) = preSolution
		HideSolutionNode = FALSE
	EndGlobalSection
	GlobalSection(ExtensibilityGlobals) = postSolution
		SolutionGuid = {E01281E7-F4FD-423D-BCB7-9ED008E82377}
	EndGlobalSection
EndGlobal
